// !$*UTF8*$!
{
	archiveVersion = 1;
	classes = {
	};
	objectVersion = 46;
	objects = {

/* Begin PBXBuildFile section */
		7B457CFE1E5C2FC6009149A1 /* ZKJEssenceController.m in Sources */ = {isa = PBXBuildFile; fileRef = 7B457CD71E5C2FC6009149A1 /* ZKJEssenceController.m */; };
		7B457CFF1E5C2FC6009149A1 /* ZKJFriendTrendsController.m in Sources */ = {isa = PBXBuildFile; fileRef = 7B457CDD1E5C2FC6009149A1 /* ZKJFriendTrendsController.m */; };
		7B457D001E5C2FC6009149A1 /* ZKJMeViewController.m in Sources */ = {isa = PBXBuildFile; fileRef = 7B457CE31E5C2FC6009149A1 /* ZKJMeViewController.m */; };
		7B457D011E5C2FC6009149A1 /* ZKJNewController.m in Sources */ = {isa = PBXBuildFile; fileRef = 7B457CE91E5C2FC6009149A1 /* ZKJNewController.m */; };
		7B457D021E5C2FC6009149A1 /* AppDelegate.m in Sources */ = {isa = PBXBuildFile; fileRef = 7B457CEE1E5C2FC6009149A1 /* AppDelegate.m */; };
		7B457D031E5C2FC6009149A1 /* UIBarButtonItem+Extension.m in Sources */ = {isa = PBXBuildFile; fileRef = 7B457CF11E5C2FC6009149A1 /* UIBarButtonItem+Extension.m */; };
		7B457D041E5C2FC6009149A1 /* UIView+ZKJExtension.m in Sources */ = {isa = PBXBuildFile; fileRef = 7B457CF31E5C2FC6009149A1 /* UIView+ZKJExtension.m */; };
		7B457D051E5C2FC6009149A1 /* ZKJTabBarController.m in Sources */ = {isa = PBXBuildFile; fileRef = 7B457CF61E5C2FC6009149A1 /* ZKJTabBarController.m */; };
		7B457D061E5C2FC6009149A1 /* ZKJTabBar.m in Sources */ = {isa = PBXBuildFile; fileRef = 7B457CFA1E5C2FC6009149A1 /* ZKJTabBar.m */; };
		7B457D071E5C2FC6009149A1 /* main.m in Sources */ = {isa = PBXBuildFile; fileRef = 7B457CFC1E5C2FC6009149A1 /* main.m */; };
		7B6938821E5ABFA0002BA43A /* Assets.xcassets in Resources */ = {isa = PBXBuildFile; fileRef = 7B6938811E5ABFA0002BA43A /* Assets.xcassets */; };
/* End PBXBuildFile section */

/* Begin PBXFileReference section */
		7B457CD61E5C2FC6009149A1 /* ZKJEssenceController.h */ = {isa = PBXFileReference; fileEncoding = 4; lastKnownFileType = sourcecode.c.h; path = ZKJEssenceController.h; sourceTree = "<group>"; };
		7B457CD71E5C2FC6009149A1 /* ZKJEssenceController.m */ = {isa = PBXFileReference; fileEncoding = 4; lastKnownFileType = sourcecode.c.objc; path = ZKJEssenceController.m; sourceTree = "<group>"; };
		7B457CDC1E5C2FC6009149A1 /* ZKJFriendTrendsController.h */ = {isa = PBXFileReference; fileEncoding = 4; lastKnownFileType = sourcecode.c.h; path = ZKJFriendTrendsController.h; sourceTree = "<group>"; };
		7B457CDD1E5C2FC6009149A1 /* ZKJFriendTrendsController.m */ = {isa = PBXFileReference; fileEncoding = 4; lastKnownFileType = sourcecode.c.objc; path = ZKJFriendTrendsController.m; sourceTree = "<group>"; };
		7B457CE21E5C2FC6009149A1 /* ZKJMeViewController.h */ = {isa = PBXFileReference; fileEncoding = 4; lastKnownFileType = sourcecode.c.h; path = ZKJMeViewController.h; sourceTree = "<group>"; };
		7B457CE31E5C2FC6009149A1 /* ZKJMeViewController.m */ = {isa = PBXFileReference; fileEncoding = 4; lastKnownFileType = sourcecode.c.objc; path = ZKJMeViewController.m; sourceTree = "<group>"; };
		7B457CE81E5C2FC6009149A1 /* ZKJNewController.h */ = {isa = PBXFileReference; fileEncoding = 4; lastKnownFileType = sourcecode.c.h; path = ZKJNewController.h; sourceTree = "<group>"; };
		7B457CE91E5C2FC6009149A1 /* ZKJNewController.m */ = {isa = PBXFileReference; fileEncoding = 4; lastKnownFileType = sourcecode.c.objc; path = ZKJNewController.m; sourceTree = "<group>"; };
		7B457CED1E5C2FC6009149A1 /* AppDelegate.h */ = {isa = PBXFileReference; fileEncoding = 4; lastKnownFileType = sourcecode.c.h; path = AppDelegate.h; sourceTree = "<group>"; };
		7B457CEE1E5C2FC6009149A1 /* AppDelegate.m */ = {isa = PBXFileReference; fileEncoding = 4; lastKnownFileType = sourcecode.c.objc; path = AppDelegate.m; sourceTree = "<group>"; };
		7B457CF01E5C2FC6009149A1 /* UIBarButtonItem+Extension.h */ = {isa = PBXFileReference; fileEncoding = 4; lastKnownFileType = sourcecode.c.h; path = "UIBarButtonItem+Extension.h"; sourceTree = "<group>"; };
		7B457CF11E5C2FC6009149A1 /* UIBarButtonItem+Extension.m */ = {isa = PBXFileReference; fileEncoding = 4; lastKnownFileType = sourcecode.c.objc; path = "UIBarButtonItem+Extension.m"; sourceTree = "<group>"; };
		7B457CF21E5C2FC6009149A1 /* UIView+ZKJExtension.h */ = {isa = PBXFileReference; fileEncoding = 4; lastKnownFileType = sourcecode.c.h; path = "UIView+ZKJExtension.h"; sourceTree = "<group>"; };
		7B457CF31E5C2FC6009149A1 /* UIView+ZKJExtension.m */ = {isa = PBXFileReference; fileEncoding = 4; lastKnownFileType = sourcecode.c.objc; path = "UIView+ZKJExtension.m"; sourceTree = "<group>"; };
		7B457CF51E5C2FC6009149A1 /* ZKJTabBarController.h */ = {isa = PBXFileReference; fileEncoding = 4; lastKnownFileType = sourcecode.c.h; path = ZKJTabBarController.h; sourceTree = "<group>"; };
		7B457CF61E5C2FC6009149A1 /* ZKJTabBarController.m */ = {isa = PBXFileReference; fileEncoding = 4; lastKnownFileType = sourcecode.c.objc; path = ZKJTabBarController.m; sourceTree = "<group>"; };
		7B457CF91E5C2FC6009149A1 /* ZKJTabBar.h */ = {isa = PBXFileReference; fileEncoding = 4; lastKnownFileType = sourcecode.c.h; path = ZKJTabBar.h; sourceTree = "<group>"; };
		7B457CFA1E5C2FC6009149A1 /* ZKJTabBar.m */ = {isa = PBXFileReference; fileEncoding = 4; lastKnownFileType = sourcecode.c.objc; path = ZKJTabBar.m; sourceTree = "<group>"; };
		7B457CFC1E5C2FC6009149A1 /* main.m */ = {isa = PBXFileReference; fileEncoding = 4; lastKnownFileType = sourcecode.c.objc; path = main.m; sourceTree = "<group>"; };
		7B457CFD1E5C2FC6009149A1 /* ZkjBaiSi.pch */ = {isa = PBXFileReference; fileEncoding = 4; lastKnownFileType = sourcecode.c.h; path = ZkjBaiSi.pch; sourceTree = "<group>"; };
		7B6938721E5ABFA0002BA43A /* 百思不得姐.app */ = {isa = PBXFileReference; explicitFileType = wrapper.application; includeInIndex = 0; path = "百思不得姐.app"; sourceTree = BUILT_PRODUCTS_DIR; };
		7B6938811E5ABFA0002BA43A /* Assets.xcassets */ = {isa = PBXFileReference; lastKnownFileType = folder.assetcatalog; path = Assets.xcassets; sourceTree = "<group>"; };
		7B6938861E5ABFA0002BA43A /* Info.plist */ = {isa = PBXFileReference; lastKnownFileType = text.plist.xml; path = Info.plist; sourceTree = "<group>"; };
/* End PBXFileReference section */

/* Begin PBXFrameworksBuildPhase section */
		7B69386F1E5ABFA0002BA43A /* Frameworks */ = {
			isa = PBXFrameworksBuildPhase;
			buildActionMask = 2147483647;
			files = (
			);
			runOnlyForDeploymentPostprocessing = 0;
		};
/* End PBXFrameworksBuildPhase section */

/* Begin PBXGroup section */
		7B457CD31E5C2FC6009149A1 /* Classes */ = {
			isa = PBXGroup;
			children = (
				7B457CD41E5C2FC6009149A1 /* Essence-精华 */,
				7B457CE61E5C2FC6009149A1 /* New-新帖 */,
				7B457CDA1E5C2FC6009149A1 /* FriendTrends-关注 */,
				7B457CE01E5C2FC6009149A1 /* Me-我 */,
				7B457CEC1E5C2FC6009149A1 /* Other-其他 */,
			);
			path = Classes;
			sourceTree = "<group>";
		};
		7B457CD41E5C2FC6009149A1 /* Essence-精华 */ = {
			isa = PBXGroup;
			children = (
				7B457CD51E5C2FC6009149A1 /* Controller */,
				7B457CD81E5C2FC6009149A1 /* Model */,
				7B457CD91E5C2FC6009149A1 /* View */,
			);
			path = "Essence-精华";
			sourceTree = "<group>";
		};
		7B457CD51E5C2FC6009149A1 /* Controller */ = {
			isa = PBXGroup;
			children = (
				7B457CD61E5C2FC6009149A1 /* ZKJEssenceController.h */,
				7B457CD71E5C2FC6009149A1 /* ZKJEssenceController.m */,
			);
			path = Controller;
			sourceTree = "<group>";
		};
		7B457CD81E5C2FC6009149A1 /* Model */ = {
			isa = PBXGroup;
			children = (
			);
			path = Model;
			sourceTree = "<group>";
		};
		7B457CD91E5C2FC6009149A1 /* View */ = {
			isa = PBXGroup;
			children = (
			);
			path = View;
			sourceTree = "<group>";
		};
		7B457CDA1E5C2FC6009149A1 /* FriendTrends-关注 */ = {
			isa = PBXGroup;
			children = (
				7B457CDB1E5C2FC6009149A1 /* Controller */,
				7B457CDE1E5C2FC6009149A1 /* Model */,
				7B457CDF1E5C2FC6009149A1 /* View */,
			);
			path = "FriendTrends-关注";
			sourceTree = "<group>";
		};
		7B457CDB1E5C2FC6009149A1 /* Controller */ = {
			isa = PBXGroup;
			children = (
				7B457CDC1E5C2FC6009149A1 /* ZKJFriendTrendsController.h */,
				7B457CDD1E5C2FC6009149A1 /* ZKJFriendTrendsController.m */,
			);
			path = Controller;
			sourceTree = "<group>";
		};
		7B457CDE1E5C2FC6009149A1 /* Model */ = {
			isa = PBXGroup;
			children = (
			);
			path = Model;
			sourceTree = "<group>";
		};
		7B457CDF1E5C2FC6009149A1 /* View */ = {
			isa = PBXGroup;
			children = (
			);
			path = View;
			sourceTree = "<group>";
		};
		7B457CE01E5C2FC6009149A1 /* Me-我 */ = {
			isa = PBXGroup;
			children = (
				7B457CE11E5C2FC6009149A1 /* Controller */,
				7B457CE41E5C2FC6009149A1 /* Model */,
				7B457CE51E5C2FC6009149A1 /* View */,
			);
			path = "Me-我";
			sourceTree = "<group>";
		};
		7B457CE11E5C2FC6009149A1 /* Controller */ = {
			isa = PBXGroup;
			children = (
				7B457CE21E5C2FC6009149A1 /* ZKJMeViewController.h */,
				7B457CE31E5C2FC6009149A1 /* ZKJMeViewController.m */,
			);
			path = Controller;
			sourceTree = "<group>";
		};
		7B457CE41E5C2FC6009149A1 /* Model */ = {
			isa = PBXGroup;
			children = (
			);
			path = Model;
			sourceTree = "<group>";
		};
		7B457CE51E5C2FC6009149A1 /* View */ = {
			isa = PBXGroup;
			children = (
			);
			path = View;
			sourceTree = "<group>";
		};
		7B457CE61E5C2FC6009149A1 /* New-新帖 */ = {
			isa = PBXGroup;
			children = (
				7B457CE71E5C2FC6009149A1 /* Controller */,
				7B457CEA1E5C2FC6009149A1 /* Model */,
				7B457CEB1E5C2FC6009149A1 /* View */,
			);
			path = "New-新帖";
			sourceTree = "<group>";
		};
		7B457CE71E5C2FC6009149A1 /* Controller */ = {
			isa = PBXGroup;
			children = (
				7B457CE81E5C2FC6009149A1 /* ZKJNewController.h */,
				7B457CE91E5C2FC6009149A1 /* ZKJNewController.m */,
			);
			path = Controller;
			sourceTree = "<group>";
		};
		7B457CEA1E5C2FC6009149A1 /* Model */ = {
			isa = PBXGroup;
			children = (
			);
			path = Model;
			sourceTree = "<group>";
		};
		7B457CEB1E5C2FC6009149A1 /* View */ = {
			isa = PBXGroup;
			children = (
			);
			path = View;
			sourceTree = "<group>";
		};
		7B457CEC1E5C2FC6009149A1 /* Other-其他 */ = {
			isa = PBXGroup;
			children = (
				7B457CED1E5C2FC6009149A1 /* AppDelegate.h */,
				7B457CEE1E5C2FC6009149A1 /* AppDelegate.m */,
				7B457CEF1E5C2FC6009149A1 /* Category-类别 */,
				7B457CF41E5C2FC6009149A1 /* Controller */,
				7B457CF71E5C2FC6009149A1 /* Model */,
				7B457CF81E5C2FC6009149A1 /* View */,
				7B457CFB1E5C2FC6009149A1 /* 其他 */,
			);
			path = "Other-其他";
			sourceTree = "<group>";
		};
		7B457CEF1E5C2FC6009149A1 /* Category-类别 */ = {
			isa = PBXGroup;
			children = (
				7B457CF01E5C2FC6009149A1 /* UIBarButtonItem+Extension.h */,
				7B457CF11E5C2FC6009149A1 /* UIBarButtonItem+Extension.m */,
				7B457CF21E5C2FC6009149A1 /* UIView+ZKJExtension.h */,
				7B457CF31E5C2FC6009149A1 /* UIView+ZKJExtension.m */,
			);
			path = "Category-类别";
			sourceTree = "<group>";
		};
		7B457CF41E5C2FC6009149A1 /* Controller */ = {
			isa = PBXGroup;
			children = (
				7B457CF51E5C2FC6009149A1 /* ZKJTabBarController.h */,
				7B457CF61E5C2FC6009149A1 /* ZKJTabBarController.m */,
			);
			path = Controller;
			sourceTree = "<group>";
		};
		7B457CF71E5C2FC6009149A1 /* Model */ = {
			isa = PBXGroup;
			children = (
			);
			path = Model;
			sourceTree = "<group>";
		};
		7B457CF81E5C2FC6009149A1 /* View */ = {
			isa = PBXGroup;
			children = (
				7B457CF91E5C2FC6009149A1 /* ZKJTabBar.h */,
				7B457CFA1E5C2FC6009149A1 /* ZKJTabBar.m */,
			);
			path = View;
			sourceTree = "<group>";
		};
		7B457CFB1E5C2FC6009149A1 /* 其他 */ = {
			isa = PBXGroup;
			children = (
				7B457CFC1E5C2FC6009149A1 /* main.m */,
				7B457CFD1E5C2FC6009149A1 /* ZkjBaiSi.pch */,
			);
			path = "其他";
			sourceTree = "<group>";
		};
		7B6938691E5ABFA0002BA43A = {
			isa = PBXGroup;
			children = (
				7B6938741E5ABFA0002BA43A /* 百思不得姐 */,
				7B6938731E5ABFA0002BA43A /* Products */,
			);
			sourceTree = "<group>";
		};
		7B6938731E5ABFA0002BA43A /* Products */ = {
			isa = PBXGroup;
			children = (
				7B6938721E5ABFA0002BA43A /* 百思不得姐.app */,
			);
			name = Products;
			sourceTree = "<group>";
		};
		7B6938741E5ABFA0002BA43A /* 百思不得姐 */ = {
			isa = PBXGroup;
			children = (
				7B457CD31E5C2FC6009149A1 /* Classes */,
				7B6938751E5ABFA0002BA43A /* Supporting Files */,
			);
			path = "百思不得姐";
			sourceTree = "<group>";
		};
		7B6938751E5ABFA0002BA43A /* Supporting Files */ = {
			isa = PBXGroup;
			children = (
				7B6938811E5ABFA0002BA43A /* Assets.xcassets */,
				7B6938861E5ABFA0002BA43A /* Info.plist */,
			);
			name = "Supporting Files";
			sourceTree = "<group>";
		};
/* End PBXGroup section */

/* Begin PBXNativeTarget section */
		7B6938711E5ABFA0002BA43A /* 百思不得姐 */ = {
			isa = PBXNativeTarget;
			buildConfigurationList = 7B6938891E5ABFA0002BA43A /* Build configuration list for PBXNativeTarget "百思不得姐" */;
			buildPhases = (
				7B69386E1E5ABFA0002BA43A /* Sources */,
				7B69386F1E5ABFA0002BA43A /* Frameworks */,
				7B6938701E5ABFA0002BA43A /* Resources */,
			);
			buildRules = (
			);
			dependencies = (
			);
			name = "百思不得姐";
			productName = "百思不得姐";
			productReference = 7B6938721E5ABFA0002BA43A /* 百思不得姐.app */;
			productType = "com.apple.product-type.application";
		};
/* End PBXNativeTarget section */

/* Begin PBXProject section */
		7B69386A1E5ABFA0002BA43A /* Project object */ = {
			isa = PBXProject;
			attributes = {
				CLASSPREFIX = ZKJ;
				LastUpgradeCheck = 0820;
				ORGANIZATIONNAME = ZKJ;
				TargetAttributes = {
					7B6938711E5ABFA0002BA43A = {
						CreatedOnToolsVersion = 8.2.1;
						DevelopmentTeam = PU39U8DFF5;
						ProvisioningStyle = Manual;
					};
				};
			};
			buildConfigurationList = 7B69386D1E5ABFA0002BA43A /* Build configuration list for PBXProject "百思不得姐" */;
			compatibilityVersion = "Xcode 3.2";
			developmentRegion = English;
			hasScannedForEncodings = 0;
			knownRegions = (
				en,
				Base,
			);
			mainGroup = 7B6938691E5ABFA0002BA43A;
			productRefGroup = 7B6938731E5ABFA0002BA43A /* Products */;
			projectDirPath = "";
			projectRoot = "";
			targets = (
				7B6938711E5ABFA0002BA43A /* 百思不得姐 */,
			);
		};
/* End PBXProject section */

/* Begin PBXResourcesBuildPhase section */
		7B6938701E5ABFA0002BA43A /* Resources */ = {
			isa = PBXResourcesBuildPhase;
			buildActionMask = 2147483647;
			files = (
				7B6938821E5ABFA0002BA43A /* Assets.xcassets in Resources */,
			);
			runOnlyForDeploymentPostprocessing = 0;
		};
/* End PBXResourcesBuildPhase section */

/* Begin PBXSourcesBuildPhase section */
		7B69386E1E5ABFA0002BA43A /* Sources */ = {
			isa = PBXSourcesBuildPhase;
			buildActionMask = 2147483647;
			files = (
				7B457D071E5C2FC6009149A1 /* main.m in Sources */,
				7B457D031E5C2FC6009149A1 /* UIBarButtonItem+Extension.m in Sources */,
				7B457D001E5C2FC6009149A1 /* ZKJMeViewController.m in Sources */,
				7B457CFE1E5C2FC6009149A1 /* ZKJEssenceController.m in Sources */,
				7B457D011E5C2FC6009149A1 /* ZKJNewController.m in Sources */,
				7B457CFF1E5C2FC6009149A1 /* ZKJFriendTrendsController.m in Sources */,
				7B457D041E5C2FC6009149A1 /* UIView+ZKJExtension.m in Sources */,
				7B457D021E5C2FC6009149A1 /* AppDelegate.m in Sources */,
				7B457D051E5C2FC6009149A1 /* ZKJTabBarController.m in Sources */,
				7B457D061E5C2FC6009149A1 /* ZKJTabBar.m in Sources */,
			);
			runOnlyForDeploymentPostprocessing = 0;
		};
/* End PBXSourcesBuildPhase section */

/* Begin XCBuildConfiguration section */
		7B6938871E5ABFA0002BA43A /* Debug */ = {
			isa = XCBuildConfiguration;
			buildSettings = {
				ALWAYS_SEARCH_USER_PATHS = NO;
				CLANG_ANALYZER_NONNULL = YES;
				CLANG_CXX_LANGUAGE_STANDARD = "gnu++0x";
				CLANG_CXX_LIBRARY = "libc++";
				CLANG_ENABLE_MODULES = YES;
				CLANG_ENABLE_OBJC_ARC = YES;
				CLANG_WARN_BOOL_CONVERSION = YES;
				CLANG_WARN_CONSTANT_CONVERSION = YES;
				CLANG_WARN_DIRECT_OBJC_ISA_USAGE = YES_ERROR;
				CLANG_WARN_DOCUMENTATION_COMMENTS = YES;
				CLANG_WARN_EMPTY_BODY = YES;
				CLANG_WARN_ENUM_CONVERSION = YES;
				CLANG_WARN_INFINITE_RECURSION = YES;
				CLANG_WARN_INT_CONVERSION = YES;
				CLANG_WARN_OBJC_ROOT_CLASS = YES_ERROR;
				CLANG_WARN_SUSPICIOUS_MOVE = YES;
				CLANG_WARN_UNREACHABLE_CODE = YES;
				CLANG_WARN__DUPLICATE_METHOD_MATCH = YES;
				"CODE_SIGN_IDENTITY[sdk=iphoneos*]" = "iPhone Developer";
				COPY_PHASE_STRIP = NO;
				DEBUG_INFORMATION_FORMAT = dwarf;
				ENABLE_STRICT_OBJC_MSGSEND = YES;
				ENABLE_TESTABILITY = YES;
				GCC_C_LANGUAGE_STANDARD = gnu99;
				GCC_DYNAMIC_NO_PIC = NO;
				GCC_NO_COMMON_BLOCKS = YES;
				GCC_OPTIMIZATION_LEVEL = 0;
				GCC_PREPROCESSOR_DEFINITIONS = (
					"DEBUG=1",
					"$(inherited)",
				);
				GCC_WARN_64_TO_32_BIT_CONVERSION = YES;
				GCC_WARN_ABOUT_RETURN_TYPE = YES_ERROR;
				GCC_WARN_UNDECLARED_SELECTOR = YES;
				GCC_WARN_UNINITIALIZED_AUTOS = YES_AGGRESSIVE;
				GCC_WARN_UNUSED_FUNCTION = YES;
				GCC_WARN_UNUSED_VARIABLE = YES;
				IPHONEOS_DEPLOYMENT_TARGET = 10.2;
				MTL_ENABLE_DEBUG_INFO = YES;
				ONLY_ACTIVE_ARCH = YES;
				SDKROOT = iphoneos;
			};
			name = Debug;
		};
		7B6938881E5ABFA0002BA43A /* Release */ = {
			isa = XCBuildConfiguration;
			buildSettings = {
				ALWAYS_SEARCH_USER_PATHS = NO;
				CLANG_ANALYZER_NONNULL = YES;
				CLANG_CXX_LANGUAGE_STANDARD = "gnu++0x";
				CLANG_CXX_LIBRARY = "libc++";
				CLANG_ENABLE_MODULES = YES;
				CLANG_ENABLE_OBJC_ARC = YES;
				CLANG_WARN_BOOL_CONVERSION = YES;
				CLANG_WARN_CONSTANT_CONVERSION = YES;
				CLANG_WARN_DIRECT_OBJC_ISA_USAGE = YES_ERROR;
				CLANG_WARN_DOCUMENTATION_COMMENTS = YES;
				CLANG_WARN_EMPTY_BODY = YES;
				CLANG_WARN_ENUM_CONVERSION = YES;
				CLANG_WARN_INFINITE_RECURSION = YES;
				CLANG_WARN_INT_CONVERSION = YES;
				CLANG_WARN_OBJC_ROOT_CLASS = YES_ERROR;
				CLANG_WARN_SUSPICIOUS_MOVE = YES;
				CLANG_WARN_UNREACHABLE_CODE = YES;
				CLANG_WARN__DUPLICATE_METHOD_MATCH = YES;
				"CODE_SIGN_IDENTITY[sdk=iphoneos*]" = "iPhone Developer";
				COPY_PHASE_STRIP = NO;
				DEBUG_INFORMATION_FORMAT = "dwarf-with-dsym";
				ENABLE_NS_ASSERTIONS = NO;
				ENABLE_STRICT_OBJC_MSGSEND = YES;
				GCC_C_LANGUAGE_STANDARD = gnu99;
				GCC_NO_COMMON_BLOCKS = YES;
				GCC_WARN_64_TO_32_BIT_CONVERSION = YES;
				GCC_WARN_ABOUT_RETURN_TYPE = YES_ERROR;
				GCC_WARN_UNDECLARED_SELECTOR = YES;
				GCC_WARN_UNINITIALIZED_AUTOS = YES_AGGRESSIVE;
				GCC_WARN_UNUSED_FUNCTION = YES;
				GCC_WARN_UNUSED_VARIABLE = YES;
				IPHONEOS_DEPLOYMENT_TARGET = 10.2;
				MTL_ENABLE_DEBUG_INFO = NO;
				SDKROOT = iphoneos;
				VALIDATE_PRODUCT = YES;
			};
			name = Release;
		};
		7B69388A1E5ABFA0002BA43A /* Debug */ = {
			isa = XCBuildConfiguration;
			buildSettings = {
				ASSETCATALOG_COMPILER_APPICON_NAME = AppIcon;
				ASSETCATALOG_COMPILER_LAUNCHIMAGE_NAME = LaunchImage;
				CODE_SIGN_IDENTITY = "iPhone Developer: Zhihao Song (5Z36TS2C63)";
				DEVELOPMENT_TEAM = PU39U8DFF5;
				GCC_PRECOMPILE_PREFIX_HEADER = YES;
				GCC_PREFIX_HEADER = "百思不得姐/Classes/Other-其他/其他/ZkjBaiSi.pch";
				INFOPLIST_FILE = "百思不得姐/Info.plist";
				IPHONEOS_DEPLOYMENT_TARGET = 7.0;
				LD_RUNPATH_SEARCH_PATHS = "$(inherited) @executable_path/Frameworks";
				PRODUCT_BUNDLE_IDENTIFIER = com.nbcb.bsbdj01;
				PRODUCT_NAME = "$(TARGET_NAME)";
				PROVISIONING_PROFILE = "e0d4ef46-0d85-4dc1-b602-79a923e4ad87";
				PROVISIONING_PROFILE_SPECIFIER = AlexSongDev;
			};
			name = Debug;
		};
		7B69388B1E5ABFA0002BA43A /* Release */ = {
			isa = XCBuildConfiguration;
			buildSettings = {
				ASSETCATALOG_COMPILER_APPICON_NAME = AppIcon;
				ASSETCATALOG_COMPILER_LAUNCHIMAGE_NAME = LaunchImage;
				CODE_SIGN_IDENTITY = "iPhone Developer: Zhihao Song (5Z36TS2C63)";
				DEVELOPMENT_TEAM = PU39U8DFF5;
				GCC_PRECOMPILE_PREFIX_HEADER = YES;
				GCC_PREFIX_HEADER = "百思不得姐/Classes/Other-其他/其他/ZkjBaiSi.pch";
				INFOPLIST_FILE = "百思不得姐/Info.plist";
				IPHONEOS_DEPLOYMENT_TARGET = 7.0;
				LD_RUNPATH_SEARCH_PATHS = "$(inherited) @executable_path/Frameworks";
				PRODUCT_BUNDLE_IDENTIFIER = com.nbcb.bsbdj01;
				PRODUCT_NAME = "$(TARGET_NAME)";
				PROVISIONING_PROFILE = "e0d4ef46-0d85-4dc1-b602-79a923e4ad87";
				PROVISIONING_PROFILE_SPECIFIER = AlexSongDev;
			};
			name = Release;
		};
/* End XCBuildConfiguration section */

/* Begin XCConfigurationList section */
		7B69386D1E5ABFA0002BA43A /* Build configuration list for PBXProject "百思不得姐" */ = {
			isa = XCConfigurationList;
			buildConfigurations = (
				7B6938871E5ABFA0002BA43A /* Debug */,
				7B6938881E5ABFA0002BA43A /* Release */,
			);
			defaultConfigurationIsVisible = 0;
			defaultConfigurationName = Release;
		};
		7B6938891E5ABFA0002BA43A /* Build configuration list for PBXNativeTarget "百思不得姐" */ = {
			isa = XCConfigurationList;
			buildConfigurations = (
				7B69388A1E5ABFA0002BA43A /* Debug */,
				7B69388B1E5ABFA0002BA43A /* Release */,
			);
			defaultConfigurationIsVisible = 0;
			defaultConfigurationName = Release;
		};
/* End XCConfigurationList section */
	};
	rootObject = 7B69386A1E5ABFA0002BA43A /* Project object */;
}
