// !$*UTF8*$!
{
	archiveVersion = 1;
	classes = {
	};
	objectVersion = 46;
	objects = {

/* Begin PBXBuildFile section */
		7B457CCB1E5BDC32009149A1 /* UIView+ZKJExtension.m in Sources */ = {isa = PBXBuildFile; fileRef = 7B457CCA1E5BDC32009149A1 /* UIView+ZKJExtension.m */; };
		7B457CD21E5C2135009149A1 /* UIBarButtonItem+Extension.m in Sources */ = {isa = PBXBuildFile; fileRef = 7B457CD11E5C2135009149A1 /* UIBarButtonItem+Extension.m */; };
		7B6938771E5ABFA0002BA43A /* main.m in Sources */ = {isa = PBXBuildFile; fileRef = 7B6938761E5ABFA0002BA43A /* main.m */; };
		7B69387A1E5ABFA0002BA43A /* AppDelegate.m in Sources */ = {isa = PBXBuildFile; fileRef = 7B6938791E5ABFA0002BA43A /* AppDelegate.m */; };
		7B6938821E5ABFA0002BA43A /* Assets.xcassets in Resources */ = {isa = PBXBuildFile; fileRef = 7B6938811E5ABFA0002BA43A /* Assets.xcassets */; };
		7B69388E1E5AC9C0002BA43A /* ZKJTabBarController.m in Sources */ = {isa = PBXBuildFile; fileRef = 7B69388D1E5AC9C0002BA43A /* ZKJTabBarController.m */; };
		7B6938911E5AD3F2002BA43A /* ZKJEssenceController.m in Sources */ = {isa = PBXBuildFile; fileRef = 7B6938901E5AD3F2002BA43A /* ZKJEssenceController.m */; };
		7B6938941E5AD428002BA43A /* ZKJNewController.m in Sources */ = {isa = PBXBuildFile; fileRef = 7B6938931E5AD428002BA43A /* ZKJNewController.m */; };
		7B6938971E5AD455002BA43A /* ZKJFriendTrendsController.m in Sources */ = {isa = PBXBuildFile; fileRef = 7B6938961E5AD455002BA43A /* ZKJFriendTrendsController.m */; };
		7B69389A1E5AD46B002BA43A /* ZKJMeViewController.m in Sources */ = {isa = PBXBuildFile; fileRef = 7B6938991E5AD46B002BA43A /* ZKJMeViewController.m */; };
		7B69389D1E5AE66D002BA43A /* ZKJTabBar.m in Sources */ = {isa = PBXBuildFile; fileRef = 7B69389C1E5AE66D002BA43A /* ZKJTabBar.m */; };
/* End PBXBuildFile section */

/* Begin PBXFileReference section */
		7B457CC91E5BDC32009149A1 /* UIView+ZKJExtension.h */ = {isa = PBXFileReference; fileEncoding = 4; lastKnownFileType = sourcecode.c.h; path = "UIView+ZKJExtension.h"; sourceTree = "<group>"; };
		7B457CCA1E5BDC32009149A1 /* UIView+ZKJExtension.m */ = {isa = PBXFileReference; fileEncoding = 4; lastKnownFileType = sourcecode.c.objc; path = "UIView+ZKJExtension.m"; sourceTree = "<group>"; };
		7B457CCC1E5BDF40009149A1 /* ZkjBaiSi.pch */ = {isa = PBXFileReference; lastKnownFileType = sourcecode.c.h; path = ZkjBaiSi.pch; sourceTree = "<group>"; };
		7B457CD01E5C2135009149A1 /* UIBarButtonItem+Extension.h */ = {isa = PBXFileReference; fileEncoding = 4; lastKnownFileType = sourcecode.c.h; path = "UIBarButtonItem+Extension.h"; sourceTree = "<group>"; };
		7B457CD11E5C2135009149A1 /* UIBarButtonItem+Extension.m */ = {isa = PBXFileReference; fileEncoding = 4; lastKnownFileType = sourcecode.c.objc; path = "UIBarButtonItem+Extension.m"; sourceTree = "<group>"; };
		7B6938721E5ABFA0002BA43A /* 百思不得姐.app */ = {isa = PBXFileReference; explicitFileType = wrapper.application; includeInIndex = 0; path = "百思不得姐.app"; sourceTree = BUILT_PRODUCTS_DIR; };
		7B6938761E5ABFA0002BA43A /* main.m */ = {isa = PBXFileReference; lastKnownFileType = sourcecode.c.objc; path = main.m; sourceTree = "<group>"; };
		7B6938781E5ABFA0002BA43A /* AppDelegate.h */ = {isa = PBXFileReference; lastKnownFileType = sourcecode.c.h; path = AppDelegate.h; sourceTree = "<group>"; };
		7B6938791E5ABFA0002BA43A /* AppDelegate.m */ = {isa = PBXFileReference; lastKnownFileType = sourcecode.c.objc; path = AppDelegate.m; sourceTree = "<group>"; };
		7B6938811E5ABFA0002BA43A /* Assets.xcassets */ = {isa = PBXFileReference; lastKnownFileType = folder.assetcatalog; path = Assets.xcassets; sourceTree = "<group>"; };
		7B6938861E5ABFA0002BA43A /* Info.plist */ = {isa = PBXFileReference; lastKnownFileType = text.plist.xml; path = Info.plist; sourceTree = "<group>"; };
		7B69388C1E5AC9C0002BA43A /* ZKJTabBarController.h */ = {isa = PBXFileReference; fileEncoding = 4; lastKnownFileType = sourcecode.c.h; path = ZKJTabBarController.h; sourceTree = "<group>"; };
		7B69388D1E5AC9C0002BA43A /* ZKJTabBarController.m */ = {isa = PBXFileReference; fileEncoding = 4; lastKnownFileType = sourcecode.c.objc; path = ZKJTabBarController.m; sourceTree = "<group>"; };
		7B69388F1E5AD3F2002BA43A /* ZKJEssenceController.h */ = {isa = PBXFileReference; fileEncoding = 4; lastKnownFileType = sourcecode.c.h; path = ZKJEssenceController.h; sourceTree = "<group>"; };
		7B6938901E5AD3F2002BA43A /* ZKJEssenceController.m */ = {isa = PBXFileReference; fileEncoding = 4; lastKnownFileType = sourcecode.c.objc; path = ZKJEssenceController.m; sourceTree = "<group>"; };
		7B6938921E5AD428002BA43A /* ZKJNewController.h */ = {isa = PBXFileReference; fileEncoding = 4; lastKnownFileType = sourcecode.c.h; path = ZKJNewController.h; sourceTree = "<group>"; };
		7B6938931E5AD428002BA43A /* ZKJNewController.m */ = {isa = PBXFileReference; fileEncoding = 4; lastKnownFileType = sourcecode.c.objc; path = ZKJNewController.m; sourceTree = "<group>"; };
		7B6938951E5AD455002BA43A /* ZKJFriendTrendsController.h */ = {isa = PBXFileReference; fileEncoding = 4; lastKnownFileType = sourcecode.c.h; path = ZKJFriendTrendsController.h; sourceTree = "<group>"; };
		7B6938961E5AD455002BA43A /* ZKJFriendTrendsController.m */ = {isa = PBXFileReference; fileEncoding = 4; lastKnownFileType = sourcecode.c.objc; path = ZKJFriendTrendsController.m; sourceTree = "<group>"; };
		7B6938981E5AD46B002BA43A /* ZKJMeViewController.h */ = {isa = PBXFileReference; fileEncoding = 4; lastKnownFileType = sourcecode.c.h; path = ZKJMeViewController.h; sourceTree = "<group>"; };
		7B6938991E5AD46B002BA43A /* ZKJMeViewController.m */ = {isa = PBXFileReference; fileEncoding = 4; lastKnownFileType = sourcecode.c.objc; path = ZKJMeViewController.m; sourceTree = "<group>"; };
		7B69389B1E5AE66D002BA43A /* ZKJTabBar.h */ = {isa = PBXFileReference; fileEncoding = 4; lastKnownFileType = sourcecode.c.h; path = ZKJTabBar.h; sourceTree = "<group>"; };
		7B69389C1E5AE66D002BA43A /* ZKJTabBar.m */ = {isa = PBXFileReference; fileEncoding = 4; lastKnownFileType = sourcecode.c.objc; path = ZKJTabBar.m; sourceTree = "<group>"; };
/* End PBXFileReference section */

/* Begin PBXFrameworksBuildPhase section */
		7B69386F1E5ABFA0002BA43A /* Frameworks */ = {
			isa = PBXFrameworksBuildPhase;
			buildActionMask = 2147483647;
			files = (
			);
			runOnlyForDeploymentPostprocessing = 0;
		};
/* End PBXFrameworksBuildPhase section */

/* Begin PBXGroup section */
		7B6938691E5ABFA0002BA43A = {
			isa = PBXGroup;
			children = (
				7B6938741E5ABFA0002BA43A /* 百思不得姐 */,
				7B6938731E5ABFA0002BA43A /* Products */,
			);
			sourceTree = "<group>";
		};
		7B6938731E5ABFA0002BA43A /* Products */ = {
			isa = PBXGroup;
			children = (
				7B6938721E5ABFA0002BA43A /* 百思不得姐.app */,
			);
			name = Products;
			sourceTree = "<group>";
		};
		7B6938741E5ABFA0002BA43A /* 百思不得姐 */ = {
			isa = PBXGroup;
			children = (
				7B6938781E5ABFA0002BA43A /* AppDelegate.h */,
				7B6938791E5ABFA0002BA43A /* AppDelegate.m */,
				7B69388C1E5AC9C0002BA43A /* ZKJTabBarController.h */,
				7B69388D1E5AC9C0002BA43A /* ZKJTabBarController.m */,
				7B69388F1E5AD3F2002BA43A /* ZKJEssenceController.h */,
				7B6938901E5AD3F2002BA43A /* ZKJEssenceController.m */,
				7B6938921E5AD428002BA43A /* ZKJNewController.h */,
				7B6938931E5AD428002BA43A /* ZKJNewController.m */,
				7B6938951E5AD455002BA43A /* ZKJFriendTrendsController.h */,
				7B6938961E5AD455002BA43A /* ZKJFriendTrendsController.m */,
				7B6938981E5AD46B002BA43A /* ZKJMeViewController.h */,
				7B6938991E5AD46B002BA43A /* ZKJMeViewController.m */,
				7B69389B1E5AE66D002BA43A /* ZKJTabBar.h */,
				7B69389C1E5AE66D002BA43A /* ZKJTabBar.m */,
				7B457CC91E5BDC32009149A1 /* UIView+ZKJExtension.h */,
				7B457CCA1E5BDC32009149A1 /* UIView+ZKJExtension.m */,
				7B457CD01E5C2135009149A1 /* UIBarButtonItem+Extension.h */,
				7B457CD11E5C2135009149A1 /* UIBarButtonItem+Extension.m */,
				7B457CCC1E5BDF40009149A1 /* ZkjBaiSi.pch */,
				7B6938751E5ABFA0002BA43A /* Supporting Files */,
			);
			path = "百思不得姐";
			sourceTree = "<group>";
		};
		7B6938751E5ABFA0002BA43A /* Supporting Files */ = {
			isa = PBXGroup;
			children = (
				7B6938811E5ABFA0002BA43A /* Assets.xcassets */,
				7B6938861E5ABFA0002BA43A /* Info.plist */,
				7B6938761E5ABFA0002BA43A /* main.m */,
			);
			name = "Supporting Files";
			sourceTree = "<group>";
		};
/* End PBXGroup section */

/* Begin PBXNativeTarget section */
		7B6938711E5ABFA0002BA43A /* 百思不得姐 */ = {
			isa = PBXNativeTarget;
			buildConfigurationList = 7B6938891E5ABFA0002BA43A /* Build configuration list for PBXNativeTarget "百思不得姐" */;
			buildPhases = (
				7B69386E1E5ABFA0002BA43A /* Sources */,
				7B69386F1E5ABFA0002BA43A /* Frameworks */,
				7B6938701E5ABFA0002BA43A /* Resources */,
			);
			buildRules = (
			);
			dependencies = (
			);
			name = "百思不得姐";
			productName = "百思不得姐";
			productReference = 7B6938721E5ABFA0002BA43A /* 百思不得姐.app */;
			productType = "com.apple.product-type.application";
		};
/* End PBXNativeTarget section */

/* Begin PBXProject section */
		7B69386A1E5ABFA0002BA43A /* Project object */ = {
			isa = PBXProject;
			attributes = {
				CLASSPREFIX = ZKJ;
				LastUpgradeCheck = 0820;
				ORGANIZATIONNAME = ZKJ;
				TargetAttributes = {
					7B6938711E5ABFA0002BA43A = {
						CreatedOnToolsVersion = 8.2.1;
						DevelopmentTeam = PU39U8DFF5;
						ProvisioningStyle = Manual;
					};
				};
			};
			buildConfigurationList = 7B69386D1E5ABFA0002BA43A /* Build configuration list for PBXProject "百思不得姐" */;
			compatibilityVersion = "Xcode 3.2";
			developmentRegion = English;
			hasScannedForEncodings = 0;
			knownRegions = (
				en,
				Base,
			);
			mainGroup = 7B6938691E5ABFA0002BA43A;
			productRefGroup = 7B6938731E5ABFA0002BA43A /* Products */;
			projectDirPath = "";
			projectRoot = "";
			targets = (
				7B6938711E5ABFA0002BA43A /* 百思不得姐 */,
			);
		};
/* End PBXProject section */

/* Begin PBXResourcesBuildPhase section */
		7B6938701E5ABFA0002BA43A /* Resources */ = {
			isa = PBXResourcesBuildPhase;
			buildActionMask = 2147483647;
			files = (
				7B6938821E5ABFA0002BA43A /* Assets.xcassets in Resources */,
			);
			runOnlyForDeploymentPostprocessing = 0;
		};
/* End PBXResourcesBuildPhase section */

/* Begin PBXSourcesBuildPhase section */
		7B69386E1E5ABFA0002BA43A /* Sources */ = {
			isa = PBXSourcesBuildPhase;
			buildActionMask = 2147483647;
			files = (
				7B457CCB1E5BDC32009149A1 /* UIView+ZKJExtension.m in Sources */,
				7B69388E1E5AC9C0002BA43A /* ZKJTabBarController.m in Sources */,
				7B69389D1E5AE66D002BA43A /* ZKJTabBar.m in Sources */,
				7B69387A1E5ABFA0002BA43A /* AppDelegate.m in Sources */,
				7B457CD21E5C2135009149A1 /* UIBarButtonItem+Extension.m in Sources */,
				7B69389A1E5AD46B002BA43A /* ZKJMeViewController.m in Sources */,
				7B6938911E5AD3F2002BA43A /* ZKJEssenceController.m in Sources */,
				7B6938971E5AD455002BA43A /* ZKJFriendTrendsController.m in Sources */,
				7B6938771E5ABFA0002BA43A /* main.m in Sources */,
				7B6938941E5AD428002BA43A /* ZKJNewController.m in Sources */,
			);
			runOnlyForDeploymentPostprocessing = 0;
		};
/* End PBXSourcesBuildPhase section */

/* Begin XCBuildConfiguration section */
		7B6938871E5ABFA0002BA43A /* Debug */ = {
			isa = XCBuildConfiguration;
			buildSettings = {
				ALWAYS_SEARCH_USER_PATHS = NO;
				CLANG_ANALYZER_NONNULL = YES;
				CLANG_CXX_LANGUAGE_STANDARD = "gnu++0x";
				CLANG_CXX_LIBRARY = "libc++";
				CLANG_ENABLE_MODULES = YES;
				CLANG_ENABLE_OBJC_ARC = YES;
				CLANG_WARN_BOOL_CONVERSION = YES;
				CLANG_WARN_CONSTANT_CONVERSION = YES;
				CLANG_WARN_DIRECT_OBJC_ISA_USAGE = YES_ERROR;
				CLANG_WARN_DOCUMENTATION_COMMENTS = YES;
				CLANG_WARN_EMPTY_BODY = YES;
				CLANG_WARN_ENUM_CONVERSION = YES;
				CLANG_WARN_INFINITE_RECURSION = YES;
				CLANG_WARN_INT_CONVERSION = YES;
				CLANG_WARN_OBJC_ROOT_CLASS = YES_ERROR;
				CLANG_WARN_SUSPICIOUS_MOVE = YES;
				CLANG_WARN_UNREACHABLE_CODE = YES;
				CLANG_WARN__DUPLICATE_METHOD_MATCH = YES;
				"CODE_SIGN_IDENTITY[sdk=iphoneos*]" = "iPhone Developer";
				COPY_PHASE_STRIP = NO;
				DEBUG_INFORMATION_FORMAT = dwarf;
				ENABLE_STRICT_OBJC_MSGSEND = YES;
				ENABLE_TESTABILITY = YES;
				GCC_C_LANGUAGE_STANDARD = gnu99;
				GCC_DYNAMIC_NO_PIC = NO;
				GCC_NO_COMMON_BLOCKS = YES;
				GCC_OPTIMIZATION_LEVEL = 0;
				GCC_PREPROCESSOR_DEFINITIONS = (
					"DEBUG=1",
					"$(inherited)",
				);
				GCC_WARN_64_TO_32_BIT_CONVERSION = YES;
				GCC_WARN_ABOUT_RETURN_TYPE = YES_ERROR;
				GCC_WARN_UNDECLARED_SELECTOR = YES;
				GCC_WARN_UNINITIALIZED_AUTOS = YES_AGGRESSIVE;
				GCC_WARN_UNUSED_FUNCTION = YES;
				GCC_WARN_UNUSED_VARIABLE = YES;
				IPHONEOS_DEPLOYMENT_TARGET = 10.2;
				MTL_ENABLE_DEBUG_INFO = YES;
				ONLY_ACTIVE_ARCH = YES;
				SDKROOT = iphoneos;
			};
			name = Debug;
		};
		7B6938881E5ABFA0002BA43A /* Release */ = {
			isa = XCBuildConfiguration;
			buildSettings = {
				ALWAYS_SEARCH_USER_PATHS = NO;
				CLANG_ANALYZER_NONNULL = YES;
				CLANG_CXX_LANGUAGE_STANDARD = "gnu++0x";
				CLANG_CXX_LIBRARY = "libc++";
				CLANG_ENABLE_MODULES = YES;
				CLANG_ENABLE_OBJC_ARC = YES;
				CLANG_WARN_BOOL_CONVERSION = YES;
				CLANG_WARN_CONSTANT_CONVERSION = YES;
				CLANG_WARN_DIRECT_OBJC_ISA_USAGE = YES_ERROR;
				CLANG_WARN_DOCUMENTATION_COMMENTS = YES;
				CLANG_WARN_EMPTY_BODY = YES;
				CLANG_WARN_ENUM_CONVERSION = YES;
				CLANG_WARN_INFINITE_RECURSION = YES;
				CLANG_WARN_INT_CONVERSION = YES;
				CLANG_WARN_OBJC_ROOT_CLASS = YES_ERROR;
				CLANG_WARN_SUSPICIOUS_MOVE = YES;
				CLANG_WARN_UNREACHABLE_CODE = YES;
				CLANG_WARN__DUPLICATE_METHOD_MATCH = YES;
				"CODE_SIGN_IDENTITY[sdk=iphoneos*]" = "iPhone Developer";
				COPY_PHASE_STRIP = NO;
				DEBUG_INFORMATION_FORMAT = "dwarf-with-dsym";
				ENABLE_NS_ASSERTIONS = NO;
				ENABLE_STRICT_OBJC_MSGSEND = YES;
				GCC_C_LANGUAGE_STANDARD = gnu99;
				GCC_NO_COMMON_BLOCKS = YES;
				GCC_WARN_64_TO_32_BIT_CONVERSION = YES;
				GCC_WARN_ABOUT_RETURN_TYPE = YES_ERROR;
				GCC_WARN_UNDECLARED_SELECTOR = YES;
				GCC_WARN_UNINITIALIZED_AUTOS = YES_AGGRESSIVE;
				GCC_WARN_UNUSED_FUNCTION = YES;
				GCC_WARN_UNUSED_VARIABLE = YES;
				IPHONEOS_DEPLOYMENT_TARGET = 10.2;
				MTL_ENABLE_DEBUG_INFO = NO;
				SDKROOT = iphoneos;
				VALIDATE_PRODUCT = YES;
			};
			name = Release;
		};
		7B69388A1E5ABFA0002BA43A /* Debug */ = {
			isa = XCBuildConfiguration;
			buildSettings = {
				ASSETCATALOG_COMPILER_APPICON_NAME = AppIcon;
				ASSETCATALOG_COMPILER_LAUNCHIMAGE_NAME = LaunchImage;
				CODE_SIGN_IDENTITY = "iPhone Developer: Zhihao Song (5Z36TS2C63)";
				DEVELOPMENT_TEAM = PU39U8DFF5;
				GCC_PRECOMPILE_PREFIX_HEADER = YES;
				GCC_PREFIX_HEADER = "百思不得姐/ZkjBaiSi.pch";
				INFOPLIST_FILE = "百思不得姐/Info.plist";
				IPHONEOS_DEPLOYMENT_TARGET = 7.0;
				LD_RUNPATH_SEARCH_PATHS = "$(inherited) @executable_path/Frameworks";
				PRODUCT_BUNDLE_IDENTIFIER = com.nbcb.bsbdj01;
				PRODUCT_NAME = "$(TARGET_NAME)";
				PROVISIONING_PROFILE = "e0d4ef46-0d85-4dc1-b602-79a923e4ad87";
				PROVISIONING_PROFILE_SPECIFIER = AlexSongDev;
			};
			name = Debug;
		};
		7B69388B1E5ABFA0002BA43A /* Release */ = {
			isa = XCBuildConfiguration;
			buildSettings = {
				ASSETCATALOG_COMPILER_APPICON_NAME = AppIcon;
				ASSETCATALOG_COMPILER_LAUNCHIMAGE_NAME = LaunchImage;
				CODE_SIGN_IDENTITY = "iPhone Developer: Zhihao Song (5Z36TS2C63)";
				DEVELOPMENT_TEAM = PU39U8DFF5;
				GCC_PRECOMPILE_PREFIX_HEADER = YES;
				GCC_PREFIX_HEADER = "百思不得姐/ZkjBaiSi.pch";
				INFOPLIST_FILE = "百思不得姐/Info.plist";
				IPHONEOS_DEPLOYMENT_TARGET = 7.0;
				LD_RUNPATH_SEARCH_PATHS = "$(inherited) @executable_path/Frameworks";
				PRODUCT_BUNDLE_IDENTIFIER = com.nbcb.bsbdj01;
				PRODUCT_NAME = "$(TARGET_NAME)";
				PROVISIONING_PROFILE = "e0d4ef46-0d85-4dc1-b602-79a923e4ad87";
				PROVISIONING_PROFILE_SPECIFIER = AlexSongDev;
			};
			name = Release;
		};
/* End XCBuildConfiguration section */

/* Begin XCConfigurationList section */
		7B69386D1E5ABFA0002BA43A /* Build configuration list for PBXProject "百思不得姐" */ = {
			isa = XCConfigurationList;
			buildConfigurations = (
				7B6938871E5ABFA0002BA43A /* Debug */,
				7B6938881E5ABFA0002BA43A /* Release */,
			);
			defaultConfigurationIsVisible = 0;
			defaultConfigurationName = Release;
		};
		7B6938891E5ABFA0002BA43A /* Build configuration list for PBXNativeTarget "百思不得姐" */ = {
			isa = XCConfigurationList;
			buildConfigurations = (
				7B69388A1E5ABFA0002BA43A /* Debug */,
				7B69388B1E5ABFA0002BA43A /* Release */,
			);
			defaultConfigurationIsVisible = 0;
			defaultConfigurationName = Release;
		};
/* End XCConfigurationList section */
	};
	rootObject = 7B69386A1E5ABFA0002BA43A /* Project object */;
}
