// !$*UTF8*$!
{
	archiveVersion = 1;
	classes = {
	};
	objectVersion = 46;
	objects = {

/* Begin PBXBuildFile section */
		7B6938771E5ABFA0002BA43A /* main.m in Sources */ = {isa = PBXBuildFile; fileRef = 7B6938761E5ABFA0002BA43A /* main.m */; };
		7B69387A1E5ABFA0002BA43A /* AppDelegate.m in Sources */ = {isa = PBXBuildFile; fileRef = 7B6938791E5ABFA0002BA43A /* AppDelegate.m */; };
		7B69387D1E5ABFA0002BA43A /* ViewController.m in Sources */ = {isa = PBXBuildFile; fileRef = 7B69387C1E5ABFA0002BA43A /* ViewController.m */; };
		7B6938801E5ABFA0002BA43A /* Main.storyboard in Resources */ = {isa = PBXBuildFile; fileRef = 7B69387E1E5ABFA0002BA43A /* Main.storyboard */; };
		7B6938821E5ABFA0002BA43A /* Assets.xcassets in Resources */ = {isa = PBXBuildFile; fileRef = 7B6938811E5ABFA0002BA43A /* Assets.xcassets */; };
		7B6938851E5ABFA0002BA43A /* LaunchScreen.storyboard in Resources */ = {isa = PBXBuildFile; fileRef = 7B6938831E5ABFA0002BA43A /* LaunchScreen.storyboard */; };
/* End PBXBuildFile section */

/* Begin PBXFileReference section */
		7B6938721E5ABFA0002BA43A /* 百思不得姐.app */ = {isa = PBXFileReference; explicitFileType = wrapper.application; includeInIndex = 0; path = "百思不得姐.app"; sourceTree = BUILT_PRODUCTS_DIR; };
		7B6938761E5ABFA0002BA43A /* main.m */ = {isa = PBXFileReference; lastKnownFileType = sourcecode.c.objc; path = main.m; sourceTree = "<group>"; };
		7B6938781E5ABFA0002BA43A /* AppDelegate.h */ = {isa = PBXFileReference; lastKnownFileType = sourcecode.c.h; path = AppDelegate.h; sourceTree = "<group>"; };
		7B6938791E5ABFA0002BA43A /* AppDelegate.m */ = {isa = PBXFileReference; lastKnownFileType = sourcecode.c.objc; path = AppDelegate.m; sourceTree = "<group>"; };
		7B69387B1E5ABFA0002BA43A /* ViewController.h */ = {isa = PBXFileReference; lastKnownFileType = sourcecode.c.h; path = ViewController.h; sourceTree = "<group>"; };
		7B69387C1E5ABFA0002BA43A /* ViewController.m */ = {isa = PBXFileReference; lastKnownFileType = sourcecode.c.objc; path = ViewController.m; sourceTree = "<group>"; };
		7B69387F1E5ABFA0002BA43A /* Base */ = {isa = PBXFileReference; lastKnownFileType = file.storyboard; name = Base; path = Base.lproj/Main.storyboard; sourceTree = "<group>"; };
		7B6938811E5ABFA0002BA43A /* Assets.xcassets */ = {isa = PBXFileReference; lastKnownFileType = folder.assetcatalog; path = Assets.xcassets; sourceTree = "<group>"; };
		7B6938841E5ABFA0002BA43A /* Base */ = {isa = PBXFileReference; lastKnownFileType = file.storyboard; name = Base; path = Base.lproj/LaunchScreen.storyboard; sourceTree = "<group>"; };
		7B6938861E5ABFA0002BA43A /* Info.plist */ = {isa = PBXFileReference; lastKnownFileType = text.plist.xml; path = Info.plist; sourceTree = "<group>"; };
/* End PBXFileReference section */

/* Begin PBXFrameworksBuildPhase section */
		7B69386F1E5ABFA0002BA43A /* Frameworks */ = {
			isa = PBXFrameworksBuildPhase;
			buildActionMask = 2147483647;
			files = (
			);
			runOnlyForDeploymentPostprocessing = 0;
		};
/* End PBXFrameworksBuildPhase section */

/* Begin PBXGroup section */
		7B6938691E5ABFA0002BA43A = {
			isa = PBXGroup;
			children = (
				7B6938741E5ABFA0002BA43A /* 百思不得姐 */,
				7B6938731E5ABFA0002BA43A /* Products */,
			);
			sourceTree = "<group>";
		};
		7B6938731E5ABFA0002BA43A /* Products */ = {
			isa = PBXGroup;
			children = (
				7B6938721E5ABFA0002BA43A /* 百思不得姐.app */,
			);
			name = Products;
			sourceTree = "<group>";
		};
		7B6938741E5ABFA0002BA43A /* 百思不得姐 */ = {
			isa = PBXGroup;
			children = (
				7B6938781E5ABFA0002BA43A /* AppDelegate.h */,
				7B6938791E5ABFA0002BA43A /* AppDelegate.m */,
				7B69387B1E5ABFA0002BA43A /* ViewController.h */,
				7B69387C1E5ABFA0002BA43A /* ViewController.m */,
				7B69387E1E5ABFA0002BA43A /* Main.storyboard */,
				7B6938811E5ABFA0002BA43A /* Assets.xcassets */,
				7B6938831E5ABFA0002BA43A /* LaunchScreen.storyboard */,
				7B6938861E5ABFA0002BA43A /* Info.plist */,
				7B6938751E5ABFA0002BA43A /* Supporting Files */,
			);
			path = "百思不得姐";
			sourceTree = "<group>";
		};
		7B6938751E5ABFA0002BA43A /* Supporting Files */ = {
			isa = PBXGroup;
			children = (
				7B6938761E5ABFA0002BA43A /* main.m */,
			);
			name = "Supporting Files";
			sourceTree = "<group>";
		};
/* End PBXGroup section */

/* Begin PBXNativeTarget section */
		7B6938711E5ABFA0002BA43A /* 百思不得姐 */ = {
			isa = PBXNativeTarget;
			buildConfigurationList = 7B6938891E5ABFA0002BA43A /* Build configuration list for PBXNativeTarget "百思不得姐" */;
			buildPhases = (
				7B69386E1E5ABFA0002BA43A /* Sources */,
				7B69386F1E5ABFA0002BA43A /* Frameworks */,
				7B6938701E5ABFA0002BA43A /* Resources */,
			);
			buildRules = (
			);
			dependencies = (
			);
			name = "百思不得姐";
			productName = "百思不得姐";
			productReference = 7B6938721E5ABFA0002BA43A /* 百思不得姐.app */;
			productType = "com.apple.product-type.application";
		};
/* End PBXNativeTarget section */

/* Begin PBXProject section */
		7B69386A1E5ABFA0002BA43A /* Project object */ = {
			isa = PBXProject;
			attributes = {
				LastUpgradeCheck = 0820;
				ORGANIZATIONNAME = ZKJ;
				TargetAttributes = {
					7B6938711E5ABFA0002BA43A = {
						CreatedOnToolsVersion = 8.2.1;
						ProvisioningStyle = Automatic;
					};
				};
			};
			buildConfigurationList = 7B69386D1E5ABFA0002BA43A /* Build configuration list for PBXProject "百思不得姐" */;
			compatibilityVersion = "Xcode 3.2";
			developmentRegion = English;
			hasScannedForEncodings = 0;
			knownRegions = (
				en,
				Base,
			);
			mainGroup = 7B6938691E5ABFA0002BA43A;
			productRefGroup = 7B6938731E5ABFA0002BA43A /* Products */;
			projectDirPath = "";
			projectRoot = "";
			targets = (
				7B6938711E5ABFA0002BA43A /* 百思不得姐 */,
			);
		};
/* End PBXProject section */

/* Begin PBXResourcesBuildPhase section */
		7B6938701E5ABFA0002BA43A /* Resources */ = {
			isa = PBXResourcesBuildPhase;
			buildActionMask = 2147483647;
			files = (
				7B6938851E5ABFA0002BA43A /* LaunchScreen.storyboard in Resources */,
				7B6938821E5ABFA0002BA43A /* Assets.xcassets in Resources */,
				7B6938801E5ABFA0002BA43A /* Main.storyboard in Resources */,
			);
			runOnlyForDeploymentPostprocessing = 0;
		};
/* End PBXResourcesBuildPhase section */

/* Begin PBXSourcesBuildPhase section */
		7B69386E1E5ABFA0002BA43A /* Sources */ = {
			isa = PBXSourcesBuildPhase;
			buildActionMask = 2147483647;
			files = (
				7B69387D1E5ABFA0002BA43A /* ViewController.m in Sources */,
				7B69387A1E5ABFA0002BA43A /* AppDelegate.m in Sources */,
				7B6938771E5ABFA0002BA43A /* main.m in Sources */,
			);
			runOnlyForDeploymentPostprocessing = 0;
		};
/* End PBXSourcesBuildPhase section */

/* Begin PBXVariantGroup section */
		7B69387E1E5ABFA0002BA43A /* Main.storyboard */ = {
			isa = PBXVariantGroup;
			children = (
				7B69387F1E5ABFA0002BA43A /* Base */,
			);
			name = Main.storyboard;
			sourceTree = "<group>";
		};
		7B6938831E5ABFA0002BA43A /* LaunchScreen.storyboard */ = {
			isa = PBXVariantGroup;
			children = (
				7B6938841E5ABFA0002BA43A /* Base */,
			);
			name = LaunchScreen.storyboard;
			sourceTree = "<group>";
		};
/* End PBXVariantGroup section */

/* Begin XCBuildConfiguration section */
		7B6938871E5ABFA0002BA43A /* Debug */ = {
			isa = XCBuildConfiguration;
			buildSettings = {
				ALWAYS_SEARCH_USER_PATHS = NO;
				CLANG_ANALYZER_NONNULL = YES;
				CLANG_CXX_LANGUAGE_STANDARD = "gnu++0x";
				CLANG_CXX_LIBRARY = "libc++";
				CLANG_ENABLE_MODULES = YES;
				CLANG_ENABLE_OBJC_ARC = YES;
				CLANG_WARN_BOOL_CONVERSION = YES;
				CLANG_WARN_CONSTANT_CONVERSION = YES;
				CLANG_WARN_DIRECT_OBJC_ISA_USAGE = YES_ERROR;
				CLANG_WARN_DOCUMENTATION_COMMENTS = YES;
				CLANG_WARN_EMPTY_BODY = YES;
				CLANG_WARN_ENUM_CONVERSION = YES;
				CLANG_WARN_INFINITE_RECURSION = YES;
				CLANG_WARN_INT_CONVERSION = YES;
				CLANG_WARN_OBJC_ROOT_CLASS = YES_ERROR;
				CLANG_WARN_SUSPICIOUS_MOVE = YES;
				CLANG_WARN_UNREACHABLE_CODE = YES;
				CLANG_WARN__DUPLICATE_METHOD_MATCH = YES;
				"CODE_SIGN_IDENTITY[sdk=iphoneos*]" = "iPhone Developer";
				COPY_PHASE_STRIP = NO;
				DEBUG_INFORMATION_FORMAT = dwarf;
				ENABLE_STRICT_OBJC_MSGSEND = YES;
				ENABLE_TESTABILITY = YES;
				GCC_C_LANGUAGE_STANDARD = gnu99;
				GCC_DYNAMIC_NO_PIC = NO;
				GCC_NO_COMMON_BLOCKS = YES;
				GCC_OPTIMIZATION_LEVEL = 0;
				GCC_PREPROCESSOR_DEFINITIONS = (
					"DEBUG=1",
					"$(inherited)",
				);
				GCC_WARN_64_TO_32_BIT_CONVERSION = YES;
				GCC_WARN_ABOUT_RETURN_TYPE = YES_ERROR;
				GCC_WARN_UNDECLARED_SELECTOR = YES;
				GCC_WARN_UNINITIALIZED_AUTOS = YES_AGGRESSIVE;
				GCC_WARN_UNUSED_FUNCTION = YES;
				GCC_WARN_UNUSED_VARIABLE = YES;
				IPHONEOS_DEPLOYMENT_TARGET = 10.2;
				MTL_ENABLE_DEBUG_INFO = YES;
				ONLY_ACTIVE_ARCH = YES;
				SDKROOT = iphoneos;
			};
			name = Debug;
		};
		7B6938881E5ABFA0002BA43A /* Release */ = {
			isa = XCBuildConfiguration;
			buildSettings = {
				ALWAYS_SEARCH_USER_PATHS = NO;
				CLANG_ANALYZER_NONNULL = YES;
				CLANG_CXX_LANGUAGE_STANDARD = "gnu++0x";
				CLANG_CXX_LIBRARY = "libc++";
				CLANG_ENABLE_MODULES = YES;
				CLANG_ENABLE_OBJC_ARC = YES;
				CLANG_WARN_BOOL_CONVERSION = YES;
				CLANG_WARN_CONSTANT_CONVERSION = YES;
				CLANG_WARN_DIRECT_OBJC_ISA_USAGE = YES_ERROR;
				CLANG_WARN_DOCUMENTATION_COMMENTS = YES;
				CLANG_WARN_EMPTY_BODY = YES;
				CLANG_WARN_ENUM_CONVERSION = YES;
				CLANG_WARN_INFINITE_RECURSION = YES;
				CLANG_WARN_INT_CONVERSION = YES;
				CLANG_WARN_OBJC_ROOT_CLASS = YES_ERROR;
				CLANG_WARN_SUSPICIOUS_MOVE = YES;
				CLANG_WARN_UNREACHABLE_CODE = YES;
				CLANG_WARN__DUPLICATE_METHOD_MATCH = YES;
				"CODE_SIGN_IDENTITY[sdk=iphoneos*]" = "iPhone Developer";
				COPY_PHASE_STRIP = NO;
				DEBUG_INFORMATION_FORMAT = "dwarf-with-dsym";
				ENABLE_NS_ASSERTIONS = NO;
				ENABLE_STRICT_OBJC_MSGSEND = YES;
				GCC_C_LANGUAGE_STANDARD = gnu99;
				GCC_NO_COMMON_BLOCKS = YES;
				GCC_WARN_64_TO_32_BIT_CONVERSION = YES;
				GCC_WARN_ABOUT_RETURN_TYPE = YES_ERROR;
				GCC_WARN_UNDECLARED_SELECTOR = YES;
				GCC_WARN_UNINITIALIZED_AUTOS = YES_AGGRESSIVE;
				GCC_WARN_UNUSED_FUNCTION = YES;
				GCC_WARN_UNUSED_VARIABLE = YES;
				IPHONEOS_DEPLOYMENT_TARGET = 10.2;
				MTL_ENABLE_DEBUG_INFO = NO;
				SDKROOT = iphoneos;
				VALIDATE_PRODUCT = YES;
			};
			name = Release;
		};
		7B69388A1E5ABFA0002BA43A /* Debug */ = {
			isa = XCBuildConfiguration;
			buildSettings = {
				ASSETCATALOG_COMPILER_APPICON_NAME = AppIcon;
				INFOPLIST_FILE = "百思不得姐/Info.plist";
				LD_RUNPATH_SEARCH_PATHS = "$(inherited) @executable_path/Frameworks";
				PRODUCT_BUNDLE_IDENTIFIER = "com.GenieSoftStudios.-----";
				PRODUCT_NAME = "$(TARGET_NAME)";
			};
			name = Debug;
		};
		7B69388B1E5ABFA0002BA43A /* Release */ = {
			isa = XCBuildConfiguration;
			buildSettings = {
				ASSETCATALOG_COMPILER_APPICON_NAME = AppIcon;
				INFOPLIST_FILE = "百思不得姐/Info.plist";
				LD_RUNPATH_SEARCH_PATHS = "$(inherited) @executable_path/Frameworks";
				PRODUCT_BUNDLE_IDENTIFIER = "com.GenieSoftStudios.-----";
				PRODUCT_NAME = "$(TARGET_NAME)";
			};
			name = Release;
		};
/* End XCBuildConfiguration section */

/* Begin XCConfigurationList section */
		7B69386D1E5ABFA0002BA43A /* Build configuration list for PBXProject "百思不得姐" */ = {
			isa = XCConfigurationList;
			buildConfigurations = (
				7B6938871E5ABFA0002BA43A /* Debug */,
				7B6938881E5ABFA0002BA43A /* Release */,
			);
			defaultConfigurationIsVisible = 0;
			defaultConfigurationName = Release;
		};
		7B6938891E5ABFA0002BA43A /* Build configuration list for PBXNativeTarget "百思不得姐" */ = {
			isa = XCConfigurationList;
			buildConfigurations = (
				7B69388A1E5ABFA0002BA43A /* Debug */,
				7B69388B1E5ABFA0002BA43A /* Release */,
			);
			defaultConfigurationIsVisible = 0;
		};
/* End XCConfigurationList section */
	};
	rootObject = 7B69386A1E5ABFA0002BA43A /* Project object */;
}
